{
  "name": "CodeJs",
  "version": "1.0.0",
  "lockfileVersion": 1,
  "dependencies": {
    "clean-css": {
      "version": "4.1.9",
      "resolved": "http://registry.npm.taobao.org/clean-css/download/clean-css-4.1.9.tgz",
      "integrity": "sha1-Nc7ornaHpJuYA09w3gDE7dOCYwE=",
      "dev": true
    },
    "commander": {
      "version": "2.12.2",
      "resolved": "http://registry.npm.taobao.org/commander/download/commander-2.12.2.tgz",
      "integrity": "sha1-D1lGxCftnsDZGka7ne9T5UZQ5VU=",
      "dev": true
    },
    "source-map": {
      "version": "0.5.7",
      "resolved": "http://registry.npm.taobao.org/source-map/download/source-map-0.5.7.tgz",
      "integrity": "sha1-igOdLRAh0i0eoUyA2OpGi6LvP8w=",
      "dev": true
    },
    "uglify-js": {
      "version": "3.3.3",
      "resolved": "http://registry.npm.taobao.org/uglify-js/download/uglify-js-3.3.3.tgz",
      "integrity": "sha1-Zvm1f33akTrZ9IohsS5Oc3f9r0A=",
      "dev": true,
      "dependencies": {
        "source-map": {
          "version": "0.6.1",
          "resolved": "http://registry.npm.taobao.org/source-map/download/source-map-0.6.1.tgz",
          "integrity": "sha1-dHIq8y6WFOnCh6jQu95IteLxomM=",
          "dev": true
        }
      }
    }
  }
}
