# THIS IS AN AUTOGENERATED FILE. DO NOT EDIT THIS FILE DIRECTLY.
# yarn lockfile v1


clean-css@4.1.11:
  version "4.1.11"
  resolved "https://registry.npm.taobao.org/clean-css/download/clean-css-4.1.11.tgz#2ecdf145aba38f54740f26cefd0ff3e03e125d6a"
  integrity sha1-Ls3xRaujj1R0DybO/Q/z4D4SXWo=
  dependencies:
    source-map "0.5.x"

commander@~2.12.1:
  version "2.12.2"
  resolved "https://registry.npm.taobao.org/commander/download/commander-2.12.2.tgz?cache=0&other_urls=https%3A%2F%2Fregistry.npm.taobao.org%2Fcommander%2Fdownload%2Fcommander-2.12.2.tgz#0f5946c427ed9ec0d91a46bb9def53e54650e555"
  integrity sha1-D1lGxCftnsDZGka7ne9T5UZQ5VU=

source-map@0.5.x:
  version "0.5.7"
  resolved "https://registry.npm.taobao.org/source-map/download/source-map-0.5.7.tgz#8a039d2d1021d22d1ea14c80d8ea468ba2ef3fcc"
  integrity sha1-igOdLRAh0i0eoUyA2OpGi6LvP8w=

source-map@~0.6.1:
  version "0.6.1"
  resolved "https://registry.npm.taobao.org/source-map/download/source-map-0.6.1.tgz#74722af32e9614e9c287a8d0bbde48b5e2f1a263"
  integrity sha1-dHIq8y6WFOnCh6jQu95IteLxomM=

uglify-js@3.3.3:
  version "3.3.3"
  resolved "https://registry.npm.taobao.org/uglify-js/download/uglify-js-3.3.3.tgz#66f9b57f7dda913ad9f48a21b12e4e7377fdaf40"
  integrity sha1-Zvm1f33akTrZ9IohsS5Oc3f9r0A=
  dependencies:
    commander "~2.12.1"
    source-map "~0.6.1"
